
Microsoft Visual Studio Solution File, Format Version 12.00
# Visual Studio Version 16
VisualStudioVersion = 16.0.33927.289
MinimumVisualStudioVersion = 10.0.40219.1
Project("{2150E333-8FDC-42A3-9474-1A3956D46DE8}") = "Task0", "Task0", "{61A53293-AEA4-478A-B7EF-CEEC19E81BA5}"
EndProject
Project("{8BC9CEB8-8B4A-11D0-8D11-00A0C91BC942}") = "Tyuiu.KushnerowIA.Sprint0.Task0.V0", "Tyuiu.KushnerowIA.Sprint0.Task0.V0\Tyuiu.KushnerowIA.Sprint0.Task0.V0.vcxproj", "{E424D254-9415-4E66-8879-5262B3E27EB4}"
EndProject
Project("{2150E333-8FDC-42A3-9474-1A3956D46DE8}") = "Task1", "Task1", "{C72D0111-1C26-4923-B42A-AFF3E38FCC8D}"
EndProject
Project("{8BC9CEB8-8B4A-11D0-8D11-00A0C91BC942}") = "Tyuiu.KushnerowIA.Sprint0.Task1.V0", "Tyuiu.KushnerowIA.Sprint0.Task1.V0\Tyuiu.KushnerowIA.Sprint0.Task1.V0.vcxproj", "{B49CC119-0BF9-44FE-870D-4CE90623B1C2}"
EndProject
Project("{2150E333-8FDC-42A3-9474-1A3956D46DE8}") = "Task2", "Task2", "{CABBB34E-3B89-41E5-AEBA-9F580EF010E0}"
EndProject
Project("{8BC9CEB8-8B4A-11D0-8D11-00A0C91BC942}") = "Tyuiu.KushnerowIA.Sprint0.Task2.V0.Test", "Tyuiu.KushnerowIA.Sprint0.Task2.V0.Test\Tyuiu.KushnerowIA.Sprint0.Task2.V0.Test.vcxproj", "{D4034802-4183-4F9F-874D-572BF3911A52}"
EndProject
Project("{8BC9CEB8-8B4A-11D0-8D11-00A0C91BC942}") = "Tyuiu.KushnerowIA.Sprint0.Task2.V0.Library", "Tyuiu.KushnerowIA.Sprint0.Task2.V0.Library\Tyuiu.KushnerowIA.Sprint0.Task2.V0.Library.vcxproj", "{7003E5DC-9B8D-4C08-BE24-07B96F133198}"
EndProject
Project("{8BC9CEB8-8B4A-11D0-8D11-00A0C91BC942}") = "Tyuiu.KushnerowIA.Sprint0.Task2.V0", "Tyuiu.KushnerowIA.Sprint0.Task2.V0\Tyuiu.KushnerowIA.Sprint0.Task2.V0.vcxproj", "{F6D16C04-D9D3-4623-ADF3-282AB6DE7301}"
EndProject
Project("{2150E333-8FDC-42A3-9474-1A3956D46DE8}") = "Task3", "Task3", "{133CB1DB-8D3E-4029-95E2-41C3603B1FFD}"
EndProject
Project("{8BC9CEB8-8B4A-11D0-8D11-00A0C91BC942}") = "Tyuiu.KushnerowIA.Sprint0.Task3.V0", "Tyuiu.KushnerowIA.Sprint0.Task3.V0\Tyuiu.KushnerowIA.Sprint0.Task3.V0.vcxproj", "{D0D1C05A-B537-432C-B624-FAD43E465056}"
EndProject
Project("{8BC9CEB8-8B4A-11D0-8D11-00A0C91BC942}") = "Tyuiu.KushnerowIA.Sprint0.Task3.V0.Test", "Tyuiu.KushnerowIA.Sprint0.Task3.V0.Test\Tyuiu.KushnerowIA.Sprint0.Task3.V0.Test.vcxproj", "{52A74C71-67A2-42E2-917C-6AC4C6011CFD}"
EndProject
Project("{8BC9CEB8-8B4A-11D0-8D11-00A0C91BC942}") = "Tyuiu.KushnerowIA.Sprint0.Task3.V0.lib", "Tyuiu.KushnerowIA.Sprint0.Task3.V0.lib\Tyuiu.KushnerowIA.Sprint0.Task3.V0.lib.vcxproj", "{B14A681D-D56B-4876-9704-692BB50DA861}"
EndProject
Global
	GlobalSection(SolutionConfigurationPlatforms) = preSolution
		Debug|x64 = Debug|x64
		Debug|x86 = Debug|x86
		Release|x64 = Release|x64
		Release|x86 = Release|x86
	EndGlobalSection
	GlobalSection(ProjectConfigurationPlatforms) = postSolution
		{E424D254-9415-4E66-8879-5262B3E27EB4}.Debug|x64.ActiveCfg = Debug|x64
		{E424D254-9415-4E66-8879-5262B3E27EB4}.Debug|x64.Build.0 = Debug|x64
		{E424D254-9415-4E66-8879-5262B3E27EB4}.Debug|x86.ActiveCfg = Debug|Win32
		{E424D254-9415-4E66-8879-5262B3E27EB4}.Debug|x86.Build.0 = Debug|Win32
		{E424D254-9415-4E66-8879-5262B3E27EB4}.Release|x64.ActiveCfg = Release|x64
		{E424D254-9415-4E66-8879-5262B3E27EB4}.Release|x64.Build.0 = Release|x64
		{E424D254-9415-4E66-8879-5262B3E27EB4}.Release|x86.ActiveCfg = Release|Win32
		{E424D254-9415-4E66-8879-5262B3E27EB4}.Release|x86.Build.0 = Release|Win32
		{B49CC119-0BF9-44FE-870D-4CE90623B1C2}.Debug|x64.ActiveCfg = Debug|x64
		{B49CC119-0BF9-44FE-870D-4CE90623B1C2}.Debug|x64.Build.0 = Debug|x64
		{B49CC119-0BF9-44FE-870D-4CE90623B1C2}.Debug|x86.ActiveCfg = Debug|Win32
		{B49CC119-0BF9-44FE-870D-4CE90623B1C2}.Debug|x86.Build.0 = Debug|Win32
		{B49CC119-0BF9-44FE-870D-4CE90623B1C2}.Release|x64.ActiveCfg = Release|x64
		{B49CC119-0BF9-44FE-870D-4CE90623B1C2}.Release|x64.Build.0 = Release|x64
		{B49CC119-0BF9-44FE-870D-4CE90623B1C2}.Release|x86.ActiveCfg = Release|Win32
		{B49CC119-0BF9-44FE-870D-4CE90623B1C2}.Release|x86.Build.0 = Release|Win32
		{D4034802-4183-4F9F-874D-572BF3911A52}.Debug|x64.ActiveCfg = Debug|x64
		{D4034802-4183-4F9F-874D-572BF3911A52}.Debug|x64.Build.0 = Debug|x64
		{D4034802-4183-4F9F-874D-572BF3911A52}.Debug|x86.ActiveCfg = Debug|Win32
		{D4034802-4183-4F9F-874D-572BF3911A52}.Debug|x86.Build.0 = Debug|Win32
		{D4034802-4183-4F9F-874D-572BF3911A52}.Release|x64.ActiveCfg = Release|x64
		{D4034802-4183-4F9F-874D-572BF3911A52}.Release|x64.Build.0 = Release|x64
		{D4034802-4183-4F9F-874D-572BF3911A52}.Release|x86.ActiveCfg = Release|Win32
		{D4034802-4183-4F9F-874D-572BF3911A52}.Release|x86.Build.0 = Release|Win32
		{7003E5DC-9B8D-4C08-BE24-07B96F133198}.Debug|x64.ActiveCfg = Debug|x64
		{7003E5DC-9B8D-4C08-BE24-07B96F133198}.Debug|x64.Build.0 = Debug|x64
		{7003E5DC-9B8D-4C08-BE24-07B96F133198}.Debug|x86.ActiveCfg = Debug|Win32
		{7003E5DC-9B8D-4C08-BE24-07B96F133198}.Debug|x86.Build.0 = Debug|Win32
		{7003E5DC-9B8D-4C08-BE24-07B96F133198}.Release|x64.ActiveCfg = Release|x64
		{7003E5DC-9B8D-4C08-BE24-07B96F133198}.Release|x64.Build.0 = Release|x64
		{7003E5DC-9B8D-4C08-BE24-07B96F133198}.Release|x86.ActiveCfg = Release|Win32
		{7003E5DC-9B8D-4C08-BE24-07B96F133198}.Release|x86.Build.0 = Release|Win32
		{F6D16C04-D9D3-4623-ADF3-282AB6DE7301}.Debug|x64.ActiveCfg = Debug|x64
		{F6D16C04-D9D3-4623-ADF3-282AB6DE7301}.Debug|x64.Build.0 = Debug|x64
		{F6D16C04-D9D3-4623-ADF3-282AB6DE7301}.Debug|x86.ActiveCfg = Debug|Win32
		{F6D16C04-D9D3-4623-ADF3-282AB6DE7301}.Debug|x86.Build.0 = Debug|Win32
		{F6D16C04-D9D3-4623-ADF3-282AB6DE7301}.Release|x64.ActiveCfg = Release|x64
		{F6D16C04-D9D3-4623-ADF3-282AB6DE7301}.Release|x64.Build.0 = Release|x64
		{F6D16C04-D9D3-4623-ADF3-282AB6DE7301}.Release|x86.ActiveCfg = Release|Win32
		{F6D16C04-D9D3-4623-ADF3-282AB6DE7301}.Release|x86.Build.0 = Release|Win32
		{D0D1C05A-B537-432C-B624-FAD43E465056}.Debug|x64.ActiveCfg = Debug|x64
		{D0D1C05A-B537-432C-B624-FAD43E465056}.Debug|x64.Build.0 = Debug|x64
		{D0D1C05A-B537-432C-B624-FAD43E465056}.Debug|x86.ActiveCfg = Debug|Win32
		{D0D1C05A-B537-432C-B624-FAD43E465056}.Debug|x86.Build.0 = Debug|Win32
		{D0D1C05A-B537-432C-B624-FAD43E465056}.Release|x64.ActiveCfg = Release|x64
		{D0D1C05A-B537-432C-B624-FAD43E465056}.Release|x64.Build.0 = Release|x64
		{D0D1C05A-B537-432C-B624-FAD43E465056}.Release|x86.ActiveCfg = Release|Win32
		{D0D1C05A-B537-432C-B624-FAD43E465056}.Release|x86.Build.0 = Release|Win32
		{52A74C71-67A2-42E2-917C-6AC4C6011CFD}.Debug|x64.ActiveCfg = Debug|x64
		{52A74C71-67A2-42E2-917C-6AC4C6011CFD}.Debug|x64.Build.0 = Debug|x64
		{52A74C71-67A2-42E2-917C-6AC4C6011CFD}.Debug|x86.ActiveCfg = Debug|Win32
		{52A74C71-67A2-42E2-917C-6AC4C6011CFD}.Debug|x86.Build.0 = Debug|Win32
		{52A74C71-67A2-42E2-917C-6AC4C6011CFD}.Release|x64.ActiveCfg = Release|x64
		{52A74C71-67A2-42E2-917C-6AC4C6011CFD}.Release|x64.Build.0 = Release|x64
		{52A74C71-67A2-42E2-917C-6AC4C6011CFD}.Release|x86.ActiveCfg = Release|Win32
		{52A74C71-67A2-42E2-917C-6AC4C6011CFD}.Release|x86.Build.0 = Release|Win32
		{B14A681D-D56B-4876-9704-692BB50DA861}.Debug|x64.ActiveCfg = Debug|x64
		{B14A681D-D56B-4876-9704-692BB50DA861}.Debug|x64.Build.0 = Debug|x64
		{B14A681D-D56B-4876-9704-692BB50DA861}.Debug|x86.ActiveCfg = Debug|Win32
		{B14A681D-D56B-4876-9704-692BB50DA861}.Debug|x86.Build.0 = Debug|Win32
		{B14A681D-D56B-4876-9704-692BB50DA861}.Release|x64.ActiveCfg = Release|x64
		{B14A681D-D56B-4876-9704-692BB50DA861}.Release|x64.Build.0 = Release|x64
		{B14A681D-D56B-4876-9704-692BB50DA861}.Release|x86.ActiveCfg = Release|Win32
		{B14A681D-D56B-4876-9704-692BB50DA861}.Release|x86.Build.0 = Release|Win32
	EndGlobalSection
	GlobalSection(SolutionProperties) = preSolution
		HideSolutionNode = FALSE
	EndGlobalSection
	GlobalSection(NestedProjects) = preSolution
		{E424D254-9415-4E66-8879-5262B3E27EB4} = {61A53293-AEA4-478A-B7EF-CEEC19E81BA5}
		{B49CC119-0BF9-44FE-870D-4CE90623B1C2} = {C72D0111-1C26-4923-B42A-AFF3E38FCC8D}
		{D4034802-4183-4F9F-874D-572BF3911A52} = {CABBB34E-3B89-41E5-AEBA-9F580EF010E0}
		{7003E5DC-9B8D-4C08-BE24-07B96F133198} = {CABBB34E-3B89-41E5-AEBA-9F580EF010E0}
		{F6D16C04-D9D3-4623-ADF3-282AB6DE7301} = {CABBB34E-3B89-41E5-AEBA-9F580EF010E0}
		{D0D1C05A-B537-432C-B624-FAD43E465056} = {133CB1DB-8D3E-4029-95E2-41C3603B1FFD}
		{52A74C71-67A2-42E2-917C-6AC4C6011CFD} = {133CB1DB-8D3E-4029-95E2-41C3603B1FFD}
		{B14A681D-D56B-4876-9704-692BB50DA861} = {133CB1DB-8D3E-4029-95E2-41C3603B1FFD}
	EndGlobalSection
	GlobalSection(ExtensibilityGlobals) = postSolution
		SolutionGuid = {D239D48B-65C0-4DD6-B091-C71A7AF32B3B}
	EndGlobalSection
EndGlobal
